// !$*UTF8*$!
{
	archiveVersion = 1;
	classes = {
	};
	objectVersion = 46;
	objects = {

/* Begin PBXBuildFile section */
		078412C61ADC93BB00989DB8 /* AppDelegate.swift in Sources */ = {isa = PBXBuildFile; fileRef = 078412C51ADC93BB00989DB8 /* AppDelegate.swift */; };
		078412C81ADC93BB00989DB8 /* MasterViewController.swift in Sources */ = {isa = PBXBuildFile; fileRef = 078412C71ADC93BB00989DB8 /* MasterViewController.swift */; };
		078412CA1ADC93BB00989DB8 /* DetailViewController.swift in Sources */ = {isa = PBXBuildFile; fileRef = 078412C91ADC93BB00989DB8 /* DetailViewController.swift */; };
		078412CD1ADC93BB00989DB8 /* Main.storyboard in Resources */ = {isa = PBXBuildFile; fileRef = 078412CB1ADC93BB00989DB8 /* Main.storyboard */; };
		078412CF1ADC93BC00989DB8 /* Images.xcassets in Resources */ = {isa = PBXBuildFile; fileRef = 078412CE1ADC93BC00989DB8 /* Images.xcassets */; };
		078412D21ADC93BC00989DB8 /* LaunchScreen.xib in Resources */ = {isa = PBXBuildFile; fileRef = 078412D01ADC93BC00989DB8 /* LaunchScreen.xib */; };
		078412DE1ADC93BE00989DB8 /* Project7Tests.swift in Sources */ = {isa = PBXBuildFile; fileRef = 078412DD1ADC93BE00989DB8 /* Project7Tests.swift */; };
		07E6B26B1ADC946F00846A50 /* SwiftyJSON.swift in Sources */ = {isa = PBXBuildFile; fileRef = 07E6B26A1ADC946F00846A50 /* SwiftyJSON.swift */; };
/* End PBXBuildFile section */

/* Begin PBXContainerItemProxy section */
		078412D81ADC93BC00989DB8 /* PBXContainerItemProxy */ = {
			isa = PBXContainerItemProxy;
			containerPortal = 078412B81ADC93BA00989DB8 /* Project object */;
			proxyType = 1;
			remoteGlobalIDString = 078412BF1ADC93BA00989DB8;
			remoteInfo = Project7;
		};
/* End PBXContainerItemProxy section */

/* Begin PBXFileReference section */
		078412C01ADC93BA00989DB8 /* Project7.app */ = {isa = PBXFileReference; explicitFileType = wrapper.application; includeInIndex = 0; path = Project7.app; sourceTree = BUILT_PRODUCTS_DIR; };
		078412C41ADC93BB00989DB8 /* Info.plist */ = {isa = PBXFileReference; lastKnownFileType = text.plist.xml; path = Info.plist; sourceTree = "<group>"; };
		078412C51ADC93BB00989DB8 /* AppDelegate.swift */ = {isa = PBXFileReference; lastKnownFileType = sourcecode.swift; path = AppDelegate.swift; sourceTree = "<group>"; };
		078412C71ADC93BB00989DB8 /* MasterViewController.swift */ = {isa = PBXFileReference; lastKnownFileType = sourcecode.swift; path = MasterViewController.swift; sourceTree = "<group>"; };
		078412C91ADC93BB00989DB8 /* DetailViewController.swift */ = {isa = PBXFileReference; lastKnownFileType = sourcecode.swift; path = DetailViewController.swift; sourceTree = "<group>"; };
		078412CC1ADC93BB00989DB8 /* Base */ = {isa = PBXFileReference; lastKnownFileType = file.storyboard; name = Base; path = Base.lproj/Main.storyboard; sourceTree = "<group>"; };
		078412CE1ADC93BC00989DB8 /* Images.xcassets */ = {isa = PBXFileReference; lastKnownFileType = folder.assetcatalog; path = Images.xcassets; sourceTree = "<group>"; };
		078412D11ADC93BC00989DB8 /* Base */ = {isa = PBXFileReference; lastKnownFileType = file.xib; name = Base; path = Base.lproj/LaunchScreen.xib; sourceTree = "<group>"; };
		078412D71ADC93BC00989DB8 /* Project7Tests.xctest */ = {isa = PBXFileReference; explicitFileType = wrapper.cfbundle; includeInIndex = 0; path = Project7Tests.xctest; sourceTree = BUILT_PRODUCTS_DIR; };
		078412DC1ADC93BD00989DB8 /* Info.plist */ = {isa = PBXFileReference; lastKnownFileType = text.plist.xml; path = Info.plist; sourceTree = "<group>"; };
		078412DD1ADC93BE00989DB8 /* Project7Tests.swift */ = {isa = PBXFileReference; lastKnownFileType = sourcecode.swift; path = Project7Tests.swift; sourceTree = "<group>"; };
		07E6B26A1ADC946F00846A50 /* SwiftyJSON.swift */ = {isa = PBXFileReference; fileEncoding = 4; lastKnownFileType = sourcecode.swift; path = SwiftyJSON.swift; sourceTree = "<group>"; };
/* End PBXFileReference section */

/* Begin PBXFrameworksBuildPhase section */
		078412BD1ADC93BA00989DB8 /* Frameworks */ = {
			isa = PBXFrameworksBuildPhase;
			buildActionMask = 2147483647;
			files = (
			);
			runOnlyForDeploymentPostprocessing = 0;
		};
		078412D41ADC93BC00989DB8 /* Frameworks */ = {
			isa = PBXFrameworksBuildPhase;
			buildActionMask = 2147483647;
			files = (
			);
			runOnlyForDeploymentPostprocessing = 0;
		};
/* End PBXFrameworksBuildPhase section */

/* Begin PBXGroup section */
		078412B71ADC93BA00989DB8 = {
			isa = PBXGroup;
			children = (
				078412C21ADC93BA00989DB8 /* Project7 */,
				078412DA1ADC93BC00989DB8 /* Project7Tests */,
				078412C11ADC93BA00989DB8 /* Products */,
			);
			sourceTree = "<group>";
		};
		078412C11ADC93BA00989DB8 /* Products */ = {
			isa = PBXGroup;
			children = (
				078412C01ADC93BA00989DB8 /* Project7.app */,
				078412D71ADC93BC00989DB8 /* Project7Tests.xctest */,
			);
			name = Products;
			sourceTree = "<group>";
		};
		078412C21ADC93BA00989DB8 /* Project7 */ = {
			isa = PBXGroup;
			children = (
				078412C51ADC93BB00989DB8 /* AppDelegate.swift */,
				078412C71ADC93BB00989DB8 /* MasterViewController.swift */,
				078412C91ADC93BB00989DB8 /* DetailViewController.swift */,
				07E6B26A1ADC946F00846A50 /* SwiftyJSON.swift */,
				078412CB1ADC93BB00989DB8 /* Main.storyboard */,
				078412CE1ADC93BC00989DB8 /* Images.xcassets */,
				078412D01ADC93BC00989DB8 /* LaunchScreen.xib */,
				078412C31ADC93BB00989DB8 /* Supporting Files */,
			);
			path = Project7;
			sourceTree = "<group>";
		};
		078412C31ADC93BB00989DB8 /* Supporting Files */ = {
			isa = PBXGroup;
			children = (
				078412C41ADC93BB00989DB8 /* Info.plist */,
			);
			name = "Supporting Files";
			sourceTree = "<group>";
		};
		078412DA1ADC93BC00989DB8 /* Project7Tests */ = {
			isa = PBXGroup;
			children = (
				078412DD1ADC93BE00989DB8 /* Project7Tests.swift */,
				078412DB1ADC93BD00989DB8 /* Supporting Files */,
			);
			path = Project7Tests;
			sourceTree = "<group>";
		};
		078412DB1ADC93BD00989DB8 /* Supporting Files */ = {
			isa = PBXGroup;
			children = (
				078412DC1ADC93BD00989DB8 /* Info.plist */,
			);
			name = "Supporting Files";
			sourceTree = "<group>";
		};
/* End PBXGroup section */

/* Begin PBXNativeTarget section */
		078412BF1ADC93BA00989DB8 /* Project7 */ = {
			isa = PBXNativeTarget;
			buildConfigurationList = 078412E11ADC93BE00989DB8 /* Build configuration list for PBXNativeTarget "Project7" */;
			buildPhases = (
				078412BC1ADC93BA00989DB8 /* Sources */,
				078412BD1ADC93BA00989DB8 /* Frameworks */,
				078412BE1ADC93BA00989DB8 /* Resources */,
			);
			buildRules = (
			);
			dependencies = (
			);
			name = Project7;
			productName = Project7;
			productReference = 078412C01ADC93BA00989DB8 /* Project7.app */;
			productType = "com.apple.product-type.application";
		};
		078412D61ADC93BC00989DB8 /* Project7Tests */ = {
			isa = PBXNativeTarget;
			buildConfigurationList = 078412E41ADC93BE00989DB8 /* Build configuration list for PBXNativeTarget "Project7Tests" */;
			buildPhases = (
				078412D31ADC93BC00989DB8 /* Sources */,
				078412D41ADC93BC00989DB8 /* Frameworks */,
				078412D51ADC93BC00989DB8 /* Resources */,
			);
			buildRules = (
			);
			dependencies = (
				078412D91ADC93BC00989DB8 /* PBXTargetDependency */,
			);
			name = Project7Tests;
			productName = Project7Tests;
			productReference = 078412D71ADC93BC00989DB8 /* Project7Tests.xctest */;
			productType = "com.apple.product-type.bundle.unit-test";
		};
/* End PBXNativeTarget section */

/* Begin PBXProject section */
		078412B81ADC93BA00989DB8 /* Project object */ = {
			isa = PBXProject;
			attributes = {
				LastUpgradeCheck = 0610;
				ORGANIZATIONNAME = "Vinny DeGenova";
				TargetAttributes = {
					078412BF1ADC93BA00989DB8 = {
						CreatedOnToolsVersion = 6.1;
					};
					078412D61ADC93BC00989DB8 = {
						CreatedOnToolsVersion = 6.1;
						TestTargetID = 078412BF1ADC93BA00989DB8;
					};
				};
			};
			buildConfigurationList = 078412BB1ADC93BA00989DB8 /* Build configuration list for PBXProject "Project7" */;
			compatibilityVersion = "Xcode 3.2";
			developmentRegion = English;
			hasScannedForEncodings = 0;
			knownRegions = (
				en,
				Base,
			);
			mainGroup = 078412B71ADC93BA00989DB8;
			productRefGroup = 078412C11ADC93BA00989DB8 /* Products */;
			projectDirPath = "";
			projectRoot = "";
			targets = (
				078412BF1ADC93BA00989DB8 /* Project7 */,
				078412D61ADC93BC00989DB8 /* Project7Tests */,
			);
		};
/* End PBXProject section */

/* Begin PBXResourcesBuildPhase section */
		078412BE1ADC93BA00989DB8 /* Resources */ = {
			isa = PBXResourcesBuildPhase;
			buildActionMask = 2147483647;
			files = (
				078412CD1ADC93BB00989DB8 /* Main.storyboard in Resources */,
				078412D21ADC93BC00989DB8 /* LaunchScreen.xib in Resources */,
				078412CF1ADC93BC00989DB8 /* Images.xcassets in Resources */,
			);
			runOnlyForDeploymentPostprocessing = 0;
		};
		078412D51ADC93BC00989DB8 /* Resources */ = {
			isa = PBXResourcesBuildPhase;
			buildActionMask = 2147483647;
			files = (
			);
			runOnlyForDeploymentPostprocessing = 0;
		};
/* End PBXResourcesBuildPhase section */

/* Begin PBXSourcesBuildPhase section */
		078412BC1ADC93BA00989DB8 /* Sources */ = {
			isa = PBXSourcesBuildPhase;
			buildActionMask = 2147483647;
			files = (
				078412CA1ADC93BB00989DB8 /* DetailViewController.swift in Sources */,
				078412C81ADC93BB00989DB8 /* MasterViewController.swift in Sources */,
				078412C61ADC93BB00989DB8 /* AppDelegate.swift in Sources */,
				07E6B26B1ADC946F00846A50 /* SwiftyJSON.swift in Sources */,
			);
			runOnlyForDeploymentPostprocessing = 0;
		};
		078412D31ADC93BC00989DB8 /* Sources */ = {
			isa = PBXSourcesBuildPhase;
			buildActionMask = 2147483647;
			files = (
				078412DE1ADC93BE00989DB8 /* Project7Tests.swift in Sources */,
			);
			runOnlyForDeploymentPostprocessing = 0;
		};
/* End PBXSourcesBuildPhase section */

/* Begin PBXTargetDependency section */
		078412D91ADC93BC00989DB8 /* PBXTargetDependency */ = {
			isa = PBXTargetDependency;
			target = 078412BF1ADC93BA00989DB8 /* Project7 */;
			targetProxy = 078412D81ADC93BC00989DB8 /* PBXContainerItemProxy */;
		};
/* End PBXTargetDependency section */

/* Begin PBXVariantGroup section */
		078412CB1ADC93BB00989DB8 /* Main.storyboard */ = {
			isa = PBXVariantGroup;
			children = (
				078412CC1ADC93BB00989DB8 /* Base */,
			);
			name = Main.storyboard;
			sourceTree = "<group>";
		};
		078412D01ADC93BC00989DB8 /* LaunchScreen.xib */ = {
			isa = PBXVariantGroup;
			children = (
				078412D11ADC93BC00989DB8 /* Base */,
			);
			name = LaunchScreen.xib;
			sourceTree = "<group>";
		};
/* End PBXVariantGroup section */

/* Begin XCBuildConfiguration section */
		078412DF1ADC93BE00989DB8 /* Debug */ = {
			isa = XCBuildConfiguration;
			buildSettings = {
				ALWAYS_SEARCH_USER_PATHS = NO;
				CLANG_CXX_LANGUAGE_STANDARD = "gnu++0x";
				CLANG_CXX_LIBRARY = "libc++";
				CLANG_ENABLE_MODULES = YES;
				CLANG_ENABLE_OBJC_ARC = YES;
				CLANG_WARN_BOOL_CONVERSION = YES;
				CLANG_WARN_CONSTANT_CONVERSION = YES;
				CLANG_WARN_DIRECT_OBJC_ISA_USAGE = YES_ERROR;
				CLANG_WARN_EMPTY_BODY = YES;
				CLANG_WARN_ENUM_CONVERSION = YES;
				CLANG_WARN_INT_CONVERSION = YES;
				CLANG_WARN_OBJC_ROOT_CLASS = YES_ERROR;
				CLANG_WARN_UNREACHABLE_CODE = YES;
				CLANG_WARN__DUPLICATE_METHOD_MATCH = YES;
				"CODE_SIGN_IDENTITY[sdk=iphoneos*]" = "iPhone Developer";
				COPY_PHASE_STRIP = NO;
				ENABLE_STRICT_OBJC_MSGSEND = YES;
				GCC_C_LANGUAGE_STANDARD = gnu99;
				GCC_DYNAMIC_NO_PIC = NO;
				GCC_OPTIMIZATION_LEVEL = 0;
				GCC_PREPROCESSOR_DEFINITIONS = (
					"DEBUG=1",
					"$(inherited)",
				);
				GCC_SYMBOLS_PRIVATE_EXTERN = NO;
				GCC_WARN_64_TO_32_BIT_CONVERSION = YES;
				GCC_WARN_ABOUT_RETURN_TYPE = YES_ERROR;
				GCC_WARN_UNDECLARED_SELECTOR = YES;
				GCC_WARN_UNINITIALIZED_AUTOS = YES_AGGRESSIVE;
				GCC_WARN_UNUSED_FUNCTION = YES;
				GCC_WARN_UNUSED_VARIABLE = YES;
				IPHONEOS_DEPLOYMENT_TARGET = 8.1;
				MTL_ENABLE_DEBUG_INFO = YES;
				ONLY_ACTIVE_ARCH = YES;
				SDKROOT = iphoneos;
				SWIFT_OPTIMIZATION_LEVEL = "-Onone";
			};
			name = Debug;
		};
		078412E01ADC93BE00989DB8 /* Release */ = {
			isa = XCBuildConfiguration;
			buildSettings = {
				ALWAYS_SEARCH_USER_PATHS = NO;
				CLANG_CXX_LANGUAGE_STANDARD = "gnu++0x";
				CLANG_CXX_LIBRARY = "libc++";
				CLANG_ENABLE_MODULES = YES;
				CLANG_ENABLE_OBJC_ARC = YES;
				CLANG_WARN_BOOL_CONVERSION = YES;
				CLANG_WARN_CONSTANT_CONVERSION = YES;
				CLANG_WARN_DIRECT_OBJC_ISA_USAGE = YES_ERROR;
				CLANG_WARN_EMPTY_BODY = YES;
				CLANG_WARN_ENUM_CONVERSION = YES;
				CLANG_WARN_INT_CONVERSION = YES;
				CLANG_WARN_OBJC_ROOT_CLASS = YES_ERROR;
				CLANG_WARN_UNREACHABLE_CODE = YES;
				CLANG_WARN__DUPLICATE_METHOD_MATCH = YES;
				"CODE_SIGN_IDENTITY[sdk=iphoneos*]" = "iPhone Developer";
				COPY_PHASE_STRIP = YES;
				ENABLE_NS_ASSERTIONS = NO;
				ENABLE_STRICT_OBJC_MSGSEND = YES;
				GCC_C_LANGUAGE_STANDARD = gnu99;
				GCC_WARN_64_TO_32_BIT_CONVERSION = YES;
				GCC_WARN_ABOUT_RETURN_TYPE = YES_ERROR;
				GCC_WARN_UNDECLARED_SELECTOR = YES;
				GCC_WARN_UNINITIALIZED_AUTOS = YES_AGGRESSIVE;
				GCC_WARN_UNUSED_FUNCTION = YES;
				GCC_WARN_UNUSED_VARIABLE = YES;
				IPHONEOS_DEPLOYMENT_TARGET = 8.1;
				MTL_ENABLE_DEBUG_INFO = NO;
				SDKROOT = iphoneos;
				VALIDATE_PRODUCT = YES;
			};
			name = Release;
		};
		078412E21ADC93BE00989DB8 /* Debug */ = {
			isa = XCBuildConfiguration;
			buildSettings = {
				ASSETCATALOG_COMPILER_APPICON_NAME = AppIcon;
				INFOPLIST_FILE = Project7/Info.plist;
				LD_RUNPATH_SEARCH_PATHS = "$(inherited) @executable_path/Frameworks";
				PRODUCT_NAME = "$(TARGET_NAME)";
			};
			name = Debug;
		};
		078412E31ADC93BE00989DB8 /* Release */ = {
			isa = XCBuildConfiguration;
			buildSettings = {
				ASSETCATALOG_COMPILER_APPICON_NAME = AppIcon;
				INFOPLIST_FILE = Project7/Info.plist;
				LD_RUNPATH_SEARCH_PATHS = "$(inherited) @executable_path/Frameworks";
				PRODUCT_NAME = "$(TARGET_NAME)";
			};
			name = Release;
		};
		078412E51ADC93BE00989DB8 /* Debug */ = {
			isa = XCBuildConfiguration;
			buildSettings = {
				BUNDLE_LOADER = "$(TEST_HOST)";
				FRAMEWORK_SEARCH_PATHS = (
					"$(SDKROOT)/Developer/Library/Frameworks",
					"$(inherited)",
				);
				GCC_PREPROCESSOR_DEFINITIONS = (
					"DEBUG=1",
					"$(inherited)",
				);
				INFOPLIST_FILE = Project7Tests/Info.plist;
				LD_RUNPATH_SEARCH_PATHS = "$(inherited) @executable_path/Frameworks @loader_path/Frameworks";
				PRODUCT_NAME = "$(TARGET_NAME)";
				TEST_HOST = "$(BUILT_PRODUCTS_DIR)/Project7.app/Project7";
			};
			name = Debug;
		};
		078412E61ADC93BE00989DB8 /* Release */ = {
			isa = XCBuildConfiguration;
			buildSettings = {
				BUNDLE_LOADER = "$(TEST_HOST)";
				FRAMEWORK_SEARCH_PATHS = (
					"$(SDKROOT)/Developer/Library/Frameworks",
					"$(inherited)",
				);
				INFOPLIST_FILE = Project7Tests/Info.plist;
				LD_RUNPATH_SEARCH_PATHS = "$(inherited) @executable_path/Frameworks @loader_path/Frameworks";
				PRODUCT_NAME = "$(TARGET_NAME)";
				TEST_HOST = "$(BUILT_PRODUCTS_DIR)/Project7.app/Project7";
			};
			name = Release;
		};
/* End XCBuildConfiguration section */

/* Begin XCConfigurationList section */
		078412BB1ADC93BA00989DB8 /* Build configuration list for PBXProject "Project7" */ = {
			isa = XCConfigurationList;
			buildConfigurations = (
				078412DF1ADC93BE00989DB8 /* Debug */,
				078412E01ADC93BE00989DB8 /* Release */,
			);
			defaultConfigurationIsVisible = 0;
			defaultConfigurationName = Release;
		};
		078412E11ADC93BE00989DB8 /* Build configuration list for PBXNativeTarget "Project7" */ = {
			isa = XCConfigurationList;
			buildConfigurations = (
				078412E21ADC93BE00989DB8 /* Debug */,
				078412E31ADC93BE00989DB8 /* Release */,
			);
			defaultConfigurationIsVisible = 0;
			defaultConfigurationName = Release;
		};
		078412E41ADC93BE00989DB8 /* Build configuration list for PBXNativeTarget "Project7Tests" */ = {
			isa = XCConfigurationList;
			buildConfigurations = (
				078412E51ADC93BE00989DB8 /* Debug */,
				078412E61ADC93BE00989DB8 /* Release */,
			);
			defaultConfigurationIsVisible = 0;
			defaultConfigurationName = Release;
		};
/* End XCConfigurationList section */
	};
	rootObject = 078412B81ADC93BA00989DB8 /* Project object */;
}
