// !$*UTF8*$!
{
	archiveVersion = 1;
	classes = {
	};
	objectVersion = 46;
	objects = {

/* Begin PBXBuildFile section */
		07697E0D1B0939E5004E165A /* AppDelegate.swift in Sources */ = {isa = PBXBuildFile; fileRef = 07697E0C1B0939E5004E165A /* AppDelegate.swift */; };
		07697E0F1B0939E5004E165A /* GameScene.sks in Resources */ = {isa = PBXBuildFile; fileRef = 07697E0E1B0939E5004E165A /* GameScene.sks */; };
		07697E111B0939E5004E165A /* GameScene.swift in Sources */ = {isa = PBXBuildFile; fileRef = 07697E101B0939E5004E165A /* GameScene.swift */; };
		07697E131B0939E5004E165A /* GameViewController.swift in Sources */ = {isa = PBXBuildFile; fileRef = 07697E121B0939E5004E165A /* GameViewController.swift */; };
		07697E161B0939E5004E165A /* Main.storyboard in Resources */ = {isa = PBXBuildFile; fileRef = 07697E141B0939E5004E165A /* Main.storyboard */; };
		07697E181B0939E5004E165A /* Images.xcassets in Resources */ = {isa = PBXBuildFile; fileRef = 07697E171B0939E5004E165A /* Images.xcassets */; };
		07697E1B1B0939E5004E165A /* LaunchScreen.xib in Resources */ = {isa = PBXBuildFile; fileRef = 07697E191B0939E5004E165A /* LaunchScreen.xib */; };
		07697E271B0939E5004E165A /* Project26Tests.swift in Sources */ = {isa = PBXBuildFile; fileRef = 07697E261B0939E5004E165A /* Project26Tests.swift */; };
		07697E3E1B093A41004E165A /* background.jpg in Resources */ = {isa = PBXBuildFile; fileRef = 07697E311B093A41004E165A /* background.jpg */; };
		07697E3F1B093A41004E165A /* background@2x.jpg in Resources */ = {isa = PBXBuildFile; fileRef = 07697E321B093A41004E165A /* background@2x.jpg */; };
		07697E401B093A41004E165A /* block.png in Resources */ = {isa = PBXBuildFile; fileRef = 07697E331B093A41004E165A /* block.png */; };
		07697E411B093A41004E165A /* block@2x.png in Resources */ = {isa = PBXBuildFile; fileRef = 07697E341B093A41004E165A /* block@2x.png */; };
		07697E421B093A41004E165A /* finish.png in Resources */ = {isa = PBXBuildFile; fileRef = 07697E351B093A41004E165A /* finish.png */; };
		07697E431B093A41004E165A /* finish@2x.png in Resources */ = {isa = PBXBuildFile; fileRef = 07697E361B093A41004E165A /* finish@2x.png */; };
		07697E441B093A41004E165A /* level1.txt in Resources */ = {isa = PBXBuildFile; fileRef = 07697E371B093A41004E165A /* level1.txt */; };
		07697E451B093A41004E165A /* player.png in Resources */ = {isa = PBXBuildFile; fileRef = 07697E381B093A41004E165A /* player.png */; };
		07697E461B093A41004E165A /* player@2x.png in Resources */ = {isa = PBXBuildFile; fileRef = 07697E391B093A41004E165A /* player@2x.png */; };
		07697E471B093A41004E165A /* star.png in Resources */ = {isa = PBXBuildFile; fileRef = 07697E3A1B093A41004E165A /* star.png */; };
		07697E481B093A41004E165A /* star@2x.png in Resources */ = {isa = PBXBuildFile; fileRef = 07697E3B1B093A41004E165A /* star@2x.png */; };
		07697E491B093A41004E165A /* vortex.png in Resources */ = {isa = PBXBuildFile; fileRef = 07697E3C1B093A41004E165A /* vortex.png */; };
		07697E4A1B093A41004E165A /* vortex@2x.png in Resources */ = {isa = PBXBuildFile; fileRef = 07697E3D1B093A41004E165A /* vortex@2x.png */; };
/* End PBXBuildFile section */

/* Begin PBXContainerItemProxy section */
		07697E211B0939E5004E165A /* PBXContainerItemProxy */ = {
			isa = PBXContainerItemProxy;
			containerPortal = 07697DFF1B0939E5004E165A /* Project object */;
			proxyType = 1;
			remoteGlobalIDString = 07697E061B0939E5004E165A;
			remoteInfo = Project26;
		};
/* End PBXContainerItemProxy section */

/* Begin PBXFileReference section */
		07697E071B0939E5004E165A /* Project26.app */ = {isa = PBXFileReference; explicitFileType = wrapper.application; includeInIndex = 0; path = Project26.app; sourceTree = BUILT_PRODUCTS_DIR; };
		07697E0B1B0939E5004E165A /* Info.plist */ = {isa = PBXFileReference; lastKnownFileType = text.plist.xml; path = Info.plist; sourceTree = "<group>"; };
		07697E0C1B0939E5004E165A /* AppDelegate.swift */ = {isa = PBXFileReference; lastKnownFileType = sourcecode.swift; path = AppDelegate.swift; sourceTree = "<group>"; };
		07697E0E1B0939E5004E165A /* GameScene.sks */ = {isa = PBXFileReference; lastKnownFileType = file.sks; path = GameScene.sks; sourceTree = "<group>"; };
		07697E101B0939E5004E165A /* GameScene.swift */ = {isa = PBXFileReference; lastKnownFileType = sourcecode.swift; path = GameScene.swift; sourceTree = "<group>"; };
		07697E121B0939E5004E165A /* GameViewController.swift */ = {isa = PBXFileReference; lastKnownFileType = sourcecode.swift; path = GameViewController.swift; sourceTree = "<group>"; };
		07697E151B0939E5004E165A /* Base */ = {isa = PBXFileReference; lastKnownFileType = file.storyboard; name = Base; path = Base.lproj/Main.storyboard; sourceTree = "<group>"; };
		07697E171B0939E5004E165A /* Images.xcassets */ = {isa = PBXFileReference; lastKnownFileType = folder.assetcatalog; path = Images.xcassets; sourceTree = "<group>"; };
		07697E1A1B0939E5004E165A /* Base */ = {isa = PBXFileReference; lastKnownFileType = file.xib; name = Base; path = Base.lproj/LaunchScreen.xib; sourceTree = "<group>"; };
		07697E201B0939E5004E165A /* Project26Tests.xctest */ = {isa = PBXFileReference; explicitFileType = wrapper.cfbundle; includeInIndex = 0; path = Project26Tests.xctest; sourceTree = BUILT_PRODUCTS_DIR; };
		07697E251B0939E5004E165A /* Info.plist */ = {isa = PBXFileReference; lastKnownFileType = text.plist.xml; path = Info.plist; sourceTree = "<group>"; };
		07697E261B0939E5004E165A /* Project26Tests.swift */ = {isa = PBXFileReference; lastKnownFileType = sourcecode.swift; path = Project26Tests.swift; sourceTree = "<group>"; };
		07697E311B093A41004E165A /* background.jpg */ = {isa = PBXFileReference; lastKnownFileType = image.jpeg; path = background.jpg; sourceTree = "<group>"; };
		07697E321B093A41004E165A /* background@2x.jpg */ = {isa = PBXFileReference; lastKnownFileType = image.jpeg; path = "background@2x.jpg"; sourceTree = "<group>"; };
		07697E331B093A41004E165A /* block.png */ = {isa = PBXFileReference; lastKnownFileType = image.png; path = block.png; sourceTree = "<group>"; };
		07697E341B093A41004E165A /* block@2x.png */ = {isa = PBXFileReference; lastKnownFileType = image.png; path = "block@2x.png"; sourceTree = "<group>"; };
		07697E351B093A41004E165A /* finish.png */ = {isa = PBXFileReference; lastKnownFileType = image.png; path = finish.png; sourceTree = "<group>"; };
		07697E361B093A41004E165A /* finish@2x.png */ = {isa = PBXFileReference; lastKnownFileType = image.png; path = "finish@2x.png"; sourceTree = "<group>"; };
		07697E371B093A41004E165A /* level1.txt */ = {isa = PBXFileReference; fileEncoding = 4; lastKnownFileType = text; path = level1.txt; sourceTree = "<group>"; };
		07697E381B093A41004E165A /* player.png */ = {isa = PBXFileReference; lastKnownFileType = image.png; path = player.png; sourceTree = "<group>"; };
		07697E391B093A41004E165A /* player@2x.png */ = {isa = PBXFileReference; lastKnownFileType = image.png; path = "player@2x.png"; sourceTree = "<group>"; };
		07697E3A1B093A41004E165A /* star.png */ = {isa = PBXFileReference; lastKnownFileType = image.png; path = star.png; sourceTree = "<group>"; };
		07697E3B1B093A41004E165A /* star@2x.png */ = {isa = PBXFileReference; lastKnownFileType = image.png; path = "star@2x.png"; sourceTree = "<group>"; };
		07697E3C1B093A41004E165A /* vortex.png */ = {isa = PBXFileReference; lastKnownFileType = image.png; path = vortex.png; sourceTree = "<group>"; };
		07697E3D1B093A41004E165A /* vortex@2x.png */ = {isa = PBXFileReference; lastKnownFileType = image.png; path = "vortex@2x.png"; sourceTree = "<group>"; };
/* End PBXFileReference section */

/* Begin PBXFrameworksBuildPhase section */
		07697E041B0939E5004E165A /* Frameworks */ = {
			isa = PBXFrameworksBuildPhase;
			buildActionMask = 2147483647;
			files = (
			);
			runOnlyForDeploymentPostprocessing = 0;
		};
		07697E1D1B0939E5004E165A /* Frameworks */ = {
			isa = PBXFrameworksBuildPhase;
			buildActionMask = 2147483647;
			files = (
			);
			runOnlyForDeploymentPostprocessing = 0;
		};
/* End PBXFrameworksBuildPhase section */

/* Begin PBXGroup section */
		07697DFE1B0939E5004E165A = {
			isa = PBXGroup;
			children = (
				07697E091B0939E5004E165A /* Project26 */,
				07697E231B0939E5004E165A /* Project26Tests */,
				07697E081B0939E5004E165A /* Products */,
			);
			sourceTree = "<group>";
		};
		07697E081B0939E5004E165A /* Products */ = {
			isa = PBXGroup;
			children = (
				07697E071B0939E5004E165A /* Project26.app */,
				07697E201B0939E5004E165A /* Project26Tests.xctest */,
			);
			name = Products;
			sourceTree = "<group>";
		};
		07697E091B0939E5004E165A /* Project26 */ = {
			isa = PBXGroup;
			children = (
				07697E0C1B0939E5004E165A /* AppDelegate.swift */,
				07697E0E1B0939E5004E165A /* GameScene.sks */,
				07697E101B0939E5004E165A /* GameScene.swift */,
				07697E121B0939E5004E165A /* GameViewController.swift */,
				07697E141B0939E5004E165A /* Main.storyboard */,
				07697E301B093A41004E165A /* Content */,
				07697E171B0939E5004E165A /* Images.xcassets */,
				07697E191B0939E5004E165A /* LaunchScreen.xib */,
				07697E0A1B0939E5004E165A /* Supporting Files */,
			);
			path = Project26;
			sourceTree = "<group>";
		};
		07697E0A1B0939E5004E165A /* Supporting Files */ = {
			isa = PBXGroup;
			children = (
				07697E0B1B0939E5004E165A /* Info.plist */,
			);
			name = "Supporting Files";
			sourceTree = "<group>";
		};
		07697E231B0939E5004E165A /* Project26Tests */ = {
			isa = PBXGroup;
			children = (
				07697E261B0939E5004E165A /* Project26Tests.swift */,
				07697E241B0939E5004E165A /* Supporting Files */,
			);
			path = Project26Tests;
			sourceTree = "<group>";
		};
		07697E241B0939E5004E165A /* Supporting Files */ = {
			isa = PBXGroup;
			children = (
				07697E251B0939E5004E165A /* Info.plist */,
			);
			name = "Supporting Files";
			sourceTree = "<group>";
		};
		07697E301B093A41004E165A /* Content */ = {
			isa = PBXGroup;
			children = (
				07697E311B093A41004E165A /* background.jpg */,
				07697E321B093A41004E165A /* background@2x.jpg */,
				07697E331B093A41004E165A /* block.png */,
				07697E341B093A41004E165A /* block@2x.png */,
				07697E351B093A41004E165A /* finish.png */,
				07697E361B093A41004E165A /* finish@2x.png */,
				07697E371B093A41004E165A /* level1.txt */,
				07697E381B093A41004E165A /* player.png */,
				07697E391B093A41004E165A /* player@2x.png */,
				07697E3A1B093A41004E165A /* star.png */,
				07697E3B1B093A41004E165A /* star@2x.png */,
				07697E3C1B093A41004E165A /* vortex.png */,
				07697E3D1B093A41004E165A /* vortex@2x.png */,
			);
			path = Content;
			sourceTree = "<group>";
		};
/* End PBXGroup section */

/* Begin PBXNativeTarget section */
		07697E061B0939E5004E165A /* Project26 */ = {
			isa = PBXNativeTarget;
			buildConfigurationList = 07697E2A1B0939E5004E165A /* Build configuration list for PBXNativeTarget "Project26" */;
			buildPhases = (
				07697E031B0939E5004E165A /* Sources */,
				07697E041B0939E5004E165A /* Frameworks */,
				07697E051B0939E5004E165A /* Resources */,
			);
			buildRules = (
			);
			dependencies = (
			);
			name = Project26;
			productName = Project26;
			productReference = 07697E071B0939E5004E165A /* Project26.app */;
			productType = "com.apple.product-type.application";
		};
		07697E1F1B0939E5004E165A /* Project26Tests */ = {
			isa = PBXNativeTarget;
			buildConfigurationList = 07697E2D1B0939E5004E165A /* Build configuration list for PBXNativeTarget "Project26Tests" */;
			buildPhases = (
				07697E1C1B0939E5004E165A /* Sources */,
				07697E1D1B0939E5004E165A /* Frameworks */,
				07697E1E1B0939E5004E165A /* Resources */,
			);
			buildRules = (
			);
			dependencies = (
				07697E221B0939E5004E165A /* PBXTargetDependency */,
			);
			name = Project26Tests;
			productName = Project26Tests;
			productReference = 07697E201B0939E5004E165A /* Project26Tests.xctest */;
			productType = "com.apple.product-type.bundle.unit-test";
		};
/* End PBXNativeTarget section */

/* Begin PBXProject section */
		07697DFF1B0939E5004E165A /* Project object */ = {
			isa = PBXProject;
			attributes = {
				LastUpgradeCheck = 0630;
				ORGANIZATIONNAME = "Vinny DeGenova";
				TargetAttributes = {
					07697E061B0939E5004E165A = {
						CreatedOnToolsVersion = 6.3.1;
					};
					07697E1F1B0939E5004E165A = {
						CreatedOnToolsVersion = 6.3.1;
						TestTargetID = 07697E061B0939E5004E165A;
					};
				};
			};
			buildConfigurationList = 07697E021B0939E5004E165A /* Build configuration list for PBXProject "Project26" */;
			compatibilityVersion = "Xcode 3.2";
			developmentRegion = English;
			hasScannedForEncodings = 0;
			knownRegions = (
				en,
				Base,
			);
			mainGroup = 07697DFE1B0939E5004E165A;
			productRefGroup = 07697E081B0939E5004E165A /* Products */;
			projectDirPath = "";
			projectRoot = "";
			targets = (
				07697E061B0939E5004E165A /* Project26 */,
				07697E1F1B0939E5004E165A /* Project26Tests */,
			);
		};
/* End PBXProject section */

/* Begin PBXResourcesBuildPhase section */
		07697E051B0939E5004E165A /* Resources */ = {
			isa = PBXResourcesBuildPhase;
			buildActionMask = 2147483647;
			files = (
				07697E1B1B0939E5004E165A /* LaunchScreen.xib in Resources */,
				07697E401B093A41004E165A /* block.png in Resources */,
				07697E451B093A41004E165A /* player.png in Resources */,
				07697E3E1B093A41004E165A /* background.jpg in Resources */,
				07697E181B0939E5004E165A /* Images.xcassets in Resources */,
				07697E491B093A41004E165A /* vortex.png in Resources */,
				07697E411B093A41004E165A /* block@2x.png in Resources */,
				07697E481B093A41004E165A /* star@2x.png in Resources */,
				07697E0F1B0939E5004E165A /* GameScene.sks in Resources */,
				07697E3F1B093A41004E165A /* background@2x.jpg in Resources */,
				07697E431B093A41004E165A /* finish@2x.png in Resources */,
				07697E421B093A41004E165A /* finish.png in Resources */,
				07697E441B093A41004E165A /* level1.txt in Resources */,
				07697E471B093A41004E165A /* star.png in Resources */,
				07697E461B093A41004E165A /* player@2x.png in Resources */,
				07697E4A1B093A41004E165A /* vortex@2x.png in Resources */,
				07697E161B0939E5004E165A /* Main.storyboard in Resources */,
			);
			runOnlyForDeploymentPostprocessing = 0;
		};
		07697E1E1B0939E5004E165A /* Resources */ = {
			isa = PBXResourcesBuildPhase;
			buildActionMask = 2147483647;
			files = (
			);
			runOnlyForDeploymentPostprocessing = 0;
		};
/* End PBXResourcesBuildPhase section */

/* Begin PBXSourcesBuildPhase section */
		07697E031B0939E5004E165A /* Sources */ = {
			isa = PBXSourcesBuildPhase;
			buildActionMask = 2147483647;
			files = (
				07697E111B0939E5004E165A /* GameScene.swift in Sources */,
				07697E131B0939E5004E165A /* GameViewController.swift in Sources */,
				07697E0D1B0939E5004E165A /* AppDelegate.swift in Sources */,
			);
			runOnlyForDeploymentPostprocessing = 0;
		};
		07697E1C1B0939E5004E165A /* Sources */ = {
			isa = PBXSourcesBuildPhase;
			buildActionMask = 2147483647;
			files = (
				07697E271B0939E5004E165A /* Project26Tests.swift in Sources */,
			);
			runOnlyForDeploymentPostprocessing = 0;
		};
/* End PBXSourcesBuildPhase section */

/* Begin PBXTargetDependency section */
		07697E221B0939E5004E165A /* PBXTargetDependency */ = {
			isa = PBXTargetDependency;
			target = 07697E061B0939E5004E165A /* Project26 */;
			targetProxy = 07697E211B0939E5004E165A /* PBXContainerItemProxy */;
		};
/* End PBXTargetDependency section */

/* Begin PBXVariantGroup section */
		07697E141B0939E5004E165A /* Main.storyboard */ = {
			isa = PBXVariantGroup;
			children = (
				07697E151B0939E5004E165A /* Base */,
			);
			name = Main.storyboard;
			sourceTree = "<group>";
		};
		07697E191B0939E5004E165A /* LaunchScreen.xib */ = {
			isa = PBXVariantGroup;
			children = (
				07697E1A1B0939E5004E165A /* Base */,
			);
			name = LaunchScreen.xib;
			sourceTree = "<group>";
		};
/* End PBXVariantGroup section */

/* Begin XCBuildConfiguration section */
		07697E281B0939E5004E165A /* Debug */ = {
			isa = XCBuildConfiguration;
			buildSettings = {
				ALWAYS_SEARCH_USER_PATHS = NO;
				CLANG_CXX_LANGUAGE_STANDARD = "gnu++0x";
				CLANG_CXX_LIBRARY = "libc++";
				CLANG_ENABLE_MODULES = YES;
				CLANG_ENABLE_OBJC_ARC = YES;
				CLANG_WARN_BOOL_CONVERSION = YES;
				CLANG_WARN_CONSTANT_CONVERSION = YES;
				CLANG_WARN_DIRECT_OBJC_ISA_USAGE = YES_ERROR;
				CLANG_WARN_EMPTY_BODY = YES;
				CLANG_WARN_ENUM_CONVERSION = YES;
				CLANG_WARN_INT_CONVERSION = YES;
				CLANG_WARN_OBJC_ROOT_CLASS = YES_ERROR;
				CLANG_WARN_UNREACHABLE_CODE = YES;
				CLANG_WARN__DUPLICATE_METHOD_MATCH = YES;
				"CODE_SIGN_IDENTITY[sdk=iphoneos*]" = "iPhone Developer";
				COPY_PHASE_STRIP = NO;
				DEBUG_INFORMATION_FORMAT = "dwarf-with-dsym";
				ENABLE_STRICT_OBJC_MSGSEND = YES;
				GCC_C_LANGUAGE_STANDARD = gnu99;
				GCC_DYNAMIC_NO_PIC = NO;
				GCC_NO_COMMON_BLOCKS = YES;
				GCC_OPTIMIZATION_LEVEL = 0;
				GCC_PREPROCESSOR_DEFINITIONS = (
					"DEBUG=1",
					"$(inherited)",
				);
				GCC_SYMBOLS_PRIVATE_EXTERN = NO;
				GCC_WARN_64_TO_32_BIT_CONVERSION = YES;
				GCC_WARN_ABOUT_RETURN_TYPE = YES_ERROR;
				GCC_WARN_UNDECLARED_SELECTOR = YES;
				GCC_WARN_UNINITIALIZED_AUTOS = YES_AGGRESSIVE;
				GCC_WARN_UNUSED_FUNCTION = YES;
				GCC_WARN_UNUSED_VARIABLE = YES;
				IPHONEOS_DEPLOYMENT_TARGET = 8.3;
				MTL_ENABLE_DEBUG_INFO = YES;
				ONLY_ACTIVE_ARCH = YES;
				SDKROOT = iphoneos;
				SWIFT_OPTIMIZATION_LEVEL = "-Onone";
				TARGETED_DEVICE_FAMILY = 2;
			};
			name = Debug;
		};
		07697E291B0939E5004E165A /* Release */ = {
			isa = XCBuildConfiguration;
			buildSettings = {
				ALWAYS_SEARCH_USER_PATHS = NO;
				CLANG_CXX_LANGUAGE_STANDARD = "gnu++0x";
				CLANG_CXX_LIBRARY = "libc++";
				CLANG_ENABLE_MODULES = YES;
				CLANG_ENABLE_OBJC_ARC = YES;
				CLANG_WARN_BOOL_CONVERSION = YES;
				CLANG_WARN_CONSTANT_CONVERSION = YES;
				CLANG_WARN_DIRECT_OBJC_ISA_USAGE = YES_ERROR;
				CLANG_WARN_EMPTY_BODY = YES;
				CLANG_WARN_ENUM_CONVERSION = YES;
				CLANG_WARN_INT_CONVERSION = YES;
				CLANG_WARN_OBJC_ROOT_CLASS = YES_ERROR;
				CLANG_WARN_UNREACHABLE_CODE = YES;
				CLANG_WARN__DUPLICATE_METHOD_MATCH = YES;
				"CODE_SIGN_IDENTITY[sdk=iphoneos*]" = "iPhone Developer";
				COPY_PHASE_STRIP = NO;
				DEBUG_INFORMATION_FORMAT = "dwarf-with-dsym";
				ENABLE_NS_ASSERTIONS = NO;
				ENABLE_STRICT_OBJC_MSGSEND = YES;
				GCC_C_LANGUAGE_STANDARD = gnu99;
				GCC_NO_COMMON_BLOCKS = YES;
				GCC_WARN_64_TO_32_BIT_CONVERSION = YES;
				GCC_WARN_ABOUT_RETURN_TYPE = YES_ERROR;
				GCC_WARN_UNDECLARED_SELECTOR = YES;
				GCC_WARN_UNINITIALIZED_AUTOS = YES_AGGRESSIVE;
				GCC_WARN_UNUSED_FUNCTION = YES;
				GCC_WARN_UNUSED_VARIABLE = YES;
				IPHONEOS_DEPLOYMENT_TARGET = 8.3;
				MTL_ENABLE_DEBUG_INFO = NO;
				SDKROOT = iphoneos;
				TARGETED_DEVICE_FAMILY = 2;
				VALIDATE_PRODUCT = YES;
			};
			name = Release;
		};
		07697E2B1B0939E5004E165A /* Debug */ = {
			isa = XCBuildConfiguration;
			buildSettings = {
				ASSETCATALOG_COMPILER_APPICON_NAME = AppIcon;
				INFOPLIST_FILE = Project26/Info.plist;
				LD_RUNPATH_SEARCH_PATHS = "$(inherited) @executable_path/Frameworks";
				PRODUCT_NAME = "$(TARGET_NAME)";
			};
			name = Debug;
		};
		07697E2C1B0939E5004E165A /* Release */ = {
			isa = XCBuildConfiguration;
			buildSettings = {
				ASSETCATALOG_COMPILER_APPICON_NAME = AppIcon;
				INFOPLIST_FILE = Project26/Info.plist;
				LD_RUNPATH_SEARCH_PATHS = "$(inherited) @executable_path/Frameworks";
				PRODUCT_NAME = "$(TARGET_NAME)";
			};
			name = Release;
		};
		07697E2E1B0939E5004E165A /* Debug */ = {
			isa = XCBuildConfiguration;
			buildSettings = {
				BUNDLE_LOADER = "$(TEST_HOST)";
				FRAMEWORK_SEARCH_PATHS = (
					"$(SDKROOT)/Developer/Library/Frameworks",
					"$(inherited)",
				);
				GCC_PREPROCESSOR_DEFINITIONS = (
					"DEBUG=1",
					"$(inherited)",
				);
				INFOPLIST_FILE = Project26Tests/Info.plist;
				LD_RUNPATH_SEARCH_PATHS = "$(inherited) @executable_path/Frameworks @loader_path/Frameworks";
				PRODUCT_NAME = "$(TARGET_NAME)";
				TEST_HOST = "$(BUILT_PRODUCTS_DIR)/Project26.app/Project26";
			};
			name = Debug;
		};
		07697E2F1B0939E5004E165A /* Release */ = {
			isa = XCBuildConfiguration;
			buildSettings = {
				BUNDLE_LOADER = "$(TEST_HOST)";
				FRAMEWORK_SEARCH_PATHS = (
					"$(SDKROOT)/Developer/Library/Frameworks",
					"$(inherited)",
				);
				INFOPLIST_FILE = Project26Tests/Info.plist;
				LD_RUNPATH_SEARCH_PATHS = "$(inherited) @executable_path/Frameworks @loader_path/Frameworks";
				PRODUCT_NAME = "$(TARGET_NAME)";
				TEST_HOST = "$(BUILT_PRODUCTS_DIR)/Project26.app/Project26";
			};
			name = Release;
		};
/* End XCBuildConfiguration section */

/* Begin XCConfigurationList section */
		07697E021B0939E5004E165A /* Build configuration list for PBXProject "Project26" */ = {
			isa = XCConfigurationList;
			buildConfigurations = (
				07697E281B0939E5004E165A /* Debug */,
				07697E291B0939E5004E165A /* Release */,
			);
			defaultConfigurationIsVisible = 0;
			defaultConfigurationName = Release;
		};
		07697E2A1B0939E5004E165A /* Build configuration list for PBXNativeTarget "Project26" */ = {
			isa = XCConfigurationList;
			buildConfigurations = (
				07697E2B1B0939E5004E165A /* Debug */,
				07697E2C1B0939E5004E165A /* Release */,
			);
			defaultConfigurationIsVisible = 0;
		};
		07697E2D1B0939E5004E165A /* Build configuration list for PBXNativeTarget "Project26Tests" */ = {
			isa = XCConfigurationList;
			buildConfigurations = (
				07697E2E1B0939E5004E165A /* Debug */,
				07697E2F1B0939E5004E165A /* Release */,
			);
			defaultConfigurationIsVisible = 0;
		};
/* End XCConfigurationList section */
	};
	rootObject = 07697DFF1B0939E5004E165A /* Project object */;
}
