// !$*UTF8*$!
{
	archiveVersion = 1;
	classes = {
	};
	objectVersion = 46;
	objects = {

/* Begin PBXBuildFile section */
		07421E6F1ADB139E00CE0EE9 /* AppDelegate.swift in Sources */ = {isa = PBXBuildFile; fileRef = 07421E6E1ADB139E00CE0EE9 /* AppDelegate.swift */; };
		07421E711ADB139E00CE0EE9 /* MasterViewController.swift in Sources */ = {isa = PBXBuildFile; fileRef = 07421E701ADB139E00CE0EE9 /* MasterViewController.swift */; };
		07421E761ADB139E00CE0EE9 /* Main.storyboard in Resources */ = {isa = PBXBuildFile; fileRef = 07421E741ADB139E00CE0EE9 /* Main.storyboard */; };
		07421E781ADB139E00CE0EE9 /* Images.xcassets in Resources */ = {isa = PBXBuildFile; fileRef = 07421E771ADB139E00CE0EE9 /* Images.xcassets */; };
		07421E7B1ADB139E00CE0EE9 /* LaunchScreen.xib in Resources */ = {isa = PBXBuildFile; fileRef = 07421E791ADB139E00CE0EE9 /* LaunchScreen.xib */; };
		07421E871ADB139E00CE0EE9 /* Project5Tests.swift in Sources */ = {isa = PBXBuildFile; fileRef = 07421E861ADB139E00CE0EE9 /* Project5Tests.swift */; };
		07421E911ADB155E00CE0EE9 /* start.txt in Resources */ = {isa = PBXBuildFile; fileRef = 07421E901ADB155E00CE0EE9 /* start.txt */; };
		07421E931ADB17C200CE0EE9 /* Array+Shuffling.swift in Sources */ = {isa = PBXBuildFile; fileRef = 07421E921ADB17C200CE0EE9 /* Array+Shuffling.swift */; };
/* End PBXBuildFile section */

/* Begin PBXContainerItemProxy section */
		07421E811ADB139E00CE0EE9 /* PBXContainerItemProxy */ = {
			isa = PBXContainerItemProxy;
			containerPortal = 07421E611ADB139E00CE0EE9 /* Project object */;
			proxyType = 1;
			remoteGlobalIDString = 07421E681ADB139E00CE0EE9;
			remoteInfo = Project5;
		};
/* End PBXContainerItemProxy section */

/* Begin PBXFileReference section */
		07421E691ADB139E00CE0EE9 /* Project5.app */ = {isa = PBXFileReference; explicitFileType = wrapper.application; includeInIndex = 0; path = Project5.app; sourceTree = BUILT_PRODUCTS_DIR; };
		07421E6D1ADB139E00CE0EE9 /* Info.plist */ = {isa = PBXFileReference; lastKnownFileType = text.plist.xml; path = Info.plist; sourceTree = "<group>"; };
		07421E6E1ADB139E00CE0EE9 /* AppDelegate.swift */ = {isa = PBXFileReference; lastKnownFileType = sourcecode.swift; path = AppDelegate.swift; sourceTree = "<group>"; };
		07421E701ADB139E00CE0EE9 /* MasterViewController.swift */ = {isa = PBXFileReference; lastKnownFileType = sourcecode.swift; path = MasterViewController.swift; sourceTree = "<group>"; };
		07421E751ADB139E00CE0EE9 /* Base */ = {isa = PBXFileReference; lastKnownFileType = file.storyboard; name = Base; path = Base.lproj/Main.storyboard; sourceTree = "<group>"; };
		07421E771ADB139E00CE0EE9 /* Images.xcassets */ = {isa = PBXFileReference; lastKnownFileType = folder.assetcatalog; path = Images.xcassets; sourceTree = "<group>"; };
		07421E7A1ADB139E00CE0EE9 /* Base */ = {isa = PBXFileReference; lastKnownFileType = file.xib; name = Base; path = Base.lproj/LaunchScreen.xib; sourceTree = "<group>"; };
		07421E801ADB139E00CE0EE9 /* Project5Tests.xctest */ = {isa = PBXFileReference; explicitFileType = wrapper.cfbundle; includeInIndex = 0; path = Project5Tests.xctest; sourceTree = BUILT_PRODUCTS_DIR; };
		07421E851ADB139E00CE0EE9 /* Info.plist */ = {isa = PBXFileReference; lastKnownFileType = text.plist.xml; path = Info.plist; sourceTree = "<group>"; };
		07421E861ADB139E00CE0EE9 /* Project5Tests.swift */ = {isa = PBXFileReference; lastKnownFileType = sourcecode.swift; path = Project5Tests.swift; sourceTree = "<group>"; };
		07421E901ADB155E00CE0EE9 /* start.txt */ = {isa = PBXFileReference; fileEncoding = 4; lastKnownFileType = text; path = start.txt; sourceTree = "<group>"; };
		07421E921ADB17C200CE0EE9 /* Array+Shuffling.swift */ = {isa = PBXFileReference; fileEncoding = 4; lastKnownFileType = sourcecode.swift; path = "Array+Shuffling.swift"; sourceTree = "<group>"; };
/* End PBXFileReference section */

/* Begin PBXFrameworksBuildPhase section */
		07421E661ADB139E00CE0EE9 /* Frameworks */ = {
			isa = PBXFrameworksBuildPhase;
			buildActionMask = 2147483647;
			files = (
			);
			runOnlyForDeploymentPostprocessing = 0;
		};
		07421E7D1ADB139E00CE0EE9 /* Frameworks */ = {
			isa = PBXFrameworksBuildPhase;
			buildActionMask = 2147483647;
			files = (
			);
			runOnlyForDeploymentPostprocessing = 0;
		};
/* End PBXFrameworksBuildPhase section */

/* Begin PBXGroup section */
		07421E601ADB139E00CE0EE9 = {
			isa = PBXGroup;
			children = (
				07421E6B1ADB139E00CE0EE9 /* Project5 */,
				07421E831ADB139E00CE0EE9 /* Project5Tests */,
				07421E6A1ADB139E00CE0EE9 /* Products */,
			);
			sourceTree = "<group>";
		};
		07421E6A1ADB139E00CE0EE9 /* Products */ = {
			isa = PBXGroup;
			children = (
				07421E691ADB139E00CE0EE9 /* Project5.app */,
				07421E801ADB139E00CE0EE9 /* Project5Tests.xctest */,
			);
			name = Products;
			sourceTree = "<group>";
		};
		07421E6B1ADB139E00CE0EE9 /* Project5 */ = {
			isa = PBXGroup;
			children = (
				07421E6E1ADB139E00CE0EE9 /* AppDelegate.swift */,
				07421E701ADB139E00CE0EE9 /* MasterViewController.swift */,
				07421E921ADB17C200CE0EE9 /* Array+Shuffling.swift */,
				07421E741ADB139E00CE0EE9 /* Main.storyboard */,
				07421E901ADB155E00CE0EE9 /* start.txt */,
				07421E771ADB139E00CE0EE9 /* Images.xcassets */,
				07421E791ADB139E00CE0EE9 /* LaunchScreen.xib */,
				07421E6C1ADB139E00CE0EE9 /* Supporting Files */,
			);
			path = Project5;
			sourceTree = "<group>";
		};
		07421E6C1ADB139E00CE0EE9 /* Supporting Files */ = {
			isa = PBXGroup;
			children = (
				07421E6D1ADB139E00CE0EE9 /* Info.plist */,
			);
			name = "Supporting Files";
			sourceTree = "<group>";
		};
		07421E831ADB139E00CE0EE9 /* Project5Tests */ = {
			isa = PBXGroup;
			children = (
				07421E861ADB139E00CE0EE9 /* Project5Tests.swift */,
				07421E841ADB139E00CE0EE9 /* Supporting Files */,
			);
			path = Project5Tests;
			sourceTree = "<group>";
		};
		07421E841ADB139E00CE0EE9 /* Supporting Files */ = {
			isa = PBXGroup;
			children = (
				07421E851ADB139E00CE0EE9 /* Info.plist */,
			);
			name = "Supporting Files";
			sourceTree = "<group>";
		};
/* End PBXGroup section */

/* Begin PBXNativeTarget section */
		07421E681ADB139E00CE0EE9 /* Project5 */ = {
			isa = PBXNativeTarget;
			buildConfigurationList = 07421E8A1ADB139E00CE0EE9 /* Build configuration list for PBXNativeTarget "Project5" */;
			buildPhases = (
				07421E651ADB139E00CE0EE9 /* Sources */,
				07421E661ADB139E00CE0EE9 /* Frameworks */,
				07421E671ADB139E00CE0EE9 /* Resources */,
			);
			buildRules = (
			);
			dependencies = (
			);
			name = Project5;
			productName = Project5;
			productReference = 07421E691ADB139E00CE0EE9 /* Project5.app */;
			productType = "com.apple.product-type.application";
		};
		07421E7F1ADB139E00CE0EE9 /* Project5Tests */ = {
			isa = PBXNativeTarget;
			buildConfigurationList = 07421E8D1ADB139E00CE0EE9 /* Build configuration list for PBXNativeTarget "Project5Tests" */;
			buildPhases = (
				07421E7C1ADB139E00CE0EE9 /* Sources */,
				07421E7D1ADB139E00CE0EE9 /* Frameworks */,
				07421E7E1ADB139E00CE0EE9 /* Resources */,
			);
			buildRules = (
			);
			dependencies = (
				07421E821ADB139E00CE0EE9 /* PBXTargetDependency */,
			);
			name = Project5Tests;
			productName = Project5Tests;
			productReference = 07421E801ADB139E00CE0EE9 /* Project5Tests.xctest */;
			productType = "com.apple.product-type.bundle.unit-test";
		};
/* End PBXNativeTarget section */

/* Begin PBXProject section */
		07421E611ADB139E00CE0EE9 /* Project object */ = {
			isa = PBXProject;
			attributes = {
				LastUpgradeCheck = 0610;
				ORGANIZATIONNAME = "Vinny DeGenova";
				TargetAttributes = {
					07421E681ADB139E00CE0EE9 = {
						CreatedOnToolsVersion = 6.1;
					};
					07421E7F1ADB139E00CE0EE9 = {
						CreatedOnToolsVersion = 6.1;
						TestTargetID = 07421E681ADB139E00CE0EE9;
					};
				};
			};
			buildConfigurationList = 07421E641ADB139E00CE0EE9 /* Build configuration list for PBXProject "Project5" */;
			compatibilityVersion = "Xcode 3.2";
			developmentRegion = English;
			hasScannedForEncodings = 0;
			knownRegions = (
				en,
				Base,
			);
			mainGroup = 07421E601ADB139E00CE0EE9;
			productRefGroup = 07421E6A1ADB139E00CE0EE9 /* Products */;
			projectDirPath = "";
			projectRoot = "";
			targets = (
				07421E681ADB139E00CE0EE9 /* Project5 */,
				07421E7F1ADB139E00CE0EE9 /* Project5Tests */,
			);
		};
/* End PBXProject section */

/* Begin PBXResourcesBuildPhase section */
		07421E671ADB139E00CE0EE9 /* Resources */ = {
			isa = PBXResourcesBuildPhase;
			buildActionMask = 2147483647;
			files = (
				07421E761ADB139E00CE0EE9 /* Main.storyboard in Resources */,
				07421E911ADB155E00CE0EE9 /* start.txt in Resources */,
				07421E7B1ADB139E00CE0EE9 /* LaunchScreen.xib in Resources */,
				07421E781ADB139E00CE0EE9 /* Images.xcassets in Resources */,
			);
			runOnlyForDeploymentPostprocessing = 0;
		};
		07421E7E1ADB139E00CE0EE9 /* Resources */ = {
			isa = PBXResourcesBuildPhase;
			buildActionMask = 2147483647;
			files = (
			);
			runOnlyForDeploymentPostprocessing = 0;
		};
/* End PBXResourcesBuildPhase section */

/* Begin PBXSourcesBuildPhase section */
		07421E651ADB139E00CE0EE9 /* Sources */ = {
			isa = PBXSourcesBuildPhase;
			buildActionMask = 2147483647;
			files = (
				07421E711ADB139E00CE0EE9 /* MasterViewController.swift in Sources */,
				07421E6F1ADB139E00CE0EE9 /* AppDelegate.swift in Sources */,
				07421E931ADB17C200CE0EE9 /* Array+Shuffling.swift in Sources */,
			);
			runOnlyForDeploymentPostprocessing = 0;
		};
		07421E7C1ADB139E00CE0EE9 /* Sources */ = {
			isa = PBXSourcesBuildPhase;
			buildActionMask = 2147483647;
			files = (
				07421E871ADB139E00CE0EE9 /* Project5Tests.swift in Sources */,
			);
			runOnlyForDeploymentPostprocessing = 0;
		};
/* End PBXSourcesBuildPhase section */

/* Begin PBXTargetDependency section */
		07421E821ADB139E00CE0EE9 /* PBXTargetDependency */ = {
			isa = PBXTargetDependency;
			target = 07421E681ADB139E00CE0EE9 /* Project5 */;
			targetProxy = 07421E811ADB139E00CE0EE9 /* PBXContainerItemProxy */;
		};
/* End PBXTargetDependency section */

/* Begin PBXVariantGroup section */
		07421E741ADB139E00CE0EE9 /* Main.storyboard */ = {
			isa = PBXVariantGroup;
			children = (
				07421E751ADB139E00CE0EE9 /* Base */,
			);
			name = Main.storyboard;
			sourceTree = "<group>";
		};
		07421E791ADB139E00CE0EE9 /* LaunchScreen.xib */ = {
			isa = PBXVariantGroup;
			children = (
				07421E7A1ADB139E00CE0EE9 /* Base */,
			);
			name = LaunchScreen.xib;
			sourceTree = "<group>";
		};
/* End PBXVariantGroup section */

/* Begin XCBuildConfiguration section */
		07421E881ADB139E00CE0EE9 /* Debug */ = {
			isa = XCBuildConfiguration;
			buildSettings = {
				ALWAYS_SEARCH_USER_PATHS = NO;
				CLANG_CXX_LANGUAGE_STANDARD = "gnu++0x";
				CLANG_CXX_LIBRARY = "libc++";
				CLANG_ENABLE_MODULES = YES;
				CLANG_ENABLE_OBJC_ARC = YES;
				CLANG_WARN_BOOL_CONVERSION = YES;
				CLANG_WARN_CONSTANT_CONVERSION = YES;
				CLANG_WARN_DIRECT_OBJC_ISA_USAGE = YES_ERROR;
				CLANG_WARN_EMPTY_BODY = YES;
				CLANG_WARN_ENUM_CONVERSION = YES;
				CLANG_WARN_INT_CONVERSION = YES;
				CLANG_WARN_OBJC_ROOT_CLASS = YES_ERROR;
				CLANG_WARN_UNREACHABLE_CODE = YES;
				CLANG_WARN__DUPLICATE_METHOD_MATCH = YES;
				"CODE_SIGN_IDENTITY[sdk=iphoneos*]" = "iPhone Developer";
				COPY_PHASE_STRIP = NO;
				ENABLE_STRICT_OBJC_MSGSEND = YES;
				GCC_C_LANGUAGE_STANDARD = gnu99;
				GCC_DYNAMIC_NO_PIC = NO;
				GCC_OPTIMIZATION_LEVEL = 0;
				GCC_PREPROCESSOR_DEFINITIONS = (
					"DEBUG=1",
					"$(inherited)",
				);
				GCC_SYMBOLS_PRIVATE_EXTERN = NO;
				GCC_WARN_64_TO_32_BIT_CONVERSION = YES;
				GCC_WARN_ABOUT_RETURN_TYPE = YES_ERROR;
				GCC_WARN_UNDECLARED_SELECTOR = YES;
				GCC_WARN_UNINITIALIZED_AUTOS = YES_AGGRESSIVE;
				GCC_WARN_UNUSED_FUNCTION = YES;
				GCC_WARN_UNUSED_VARIABLE = YES;
				IPHONEOS_DEPLOYMENT_TARGET = 8.1;
				MTL_ENABLE_DEBUG_INFO = YES;
				ONLY_ACTIVE_ARCH = YES;
				SDKROOT = iphoneos;
				SWIFT_OPTIMIZATION_LEVEL = "-Onone";
			};
			name = Debug;
		};
		07421E891ADB139E00CE0EE9 /* Release */ = {
			isa = XCBuildConfiguration;
			buildSettings = {
				ALWAYS_SEARCH_USER_PATHS = NO;
				CLANG_CXX_LANGUAGE_STANDARD = "gnu++0x";
				CLANG_CXX_LIBRARY = "libc++";
				CLANG_ENABLE_MODULES = YES;
				CLANG_ENABLE_OBJC_ARC = YES;
				CLANG_WARN_BOOL_CONVERSION = YES;
				CLANG_WARN_CONSTANT_CONVERSION = YES;
				CLANG_WARN_DIRECT_OBJC_ISA_USAGE = YES_ERROR;
				CLANG_WARN_EMPTY_BODY = YES;
				CLANG_WARN_ENUM_CONVERSION = YES;
				CLANG_WARN_INT_CONVERSION = YES;
				CLANG_WARN_OBJC_ROOT_CLASS = YES_ERROR;
				CLANG_WARN_UNREACHABLE_CODE = YES;
				CLANG_WARN__DUPLICATE_METHOD_MATCH = YES;
				"CODE_SIGN_IDENTITY[sdk=iphoneos*]" = "iPhone Developer";
				COPY_PHASE_STRIP = YES;
				ENABLE_NS_ASSERTIONS = NO;
				ENABLE_STRICT_OBJC_MSGSEND = YES;
				GCC_C_LANGUAGE_STANDARD = gnu99;
				GCC_WARN_64_TO_32_BIT_CONVERSION = YES;
				GCC_WARN_ABOUT_RETURN_TYPE = YES_ERROR;
				GCC_WARN_UNDECLARED_SELECTOR = YES;
				GCC_WARN_UNINITIALIZED_AUTOS = YES_AGGRESSIVE;
				GCC_WARN_UNUSED_FUNCTION = YES;
				GCC_WARN_UNUSED_VARIABLE = YES;
				IPHONEOS_DEPLOYMENT_TARGET = 8.1;
				MTL_ENABLE_DEBUG_INFO = NO;
				SDKROOT = iphoneos;
				VALIDATE_PRODUCT = YES;
			};
			name = Release;
		};
		07421E8B1ADB139E00CE0EE9 /* Debug */ = {
			isa = XCBuildConfiguration;
			buildSettings = {
				ASSETCATALOG_COMPILER_APPICON_NAME = AppIcon;
				INFOPLIST_FILE = Project5/Info.plist;
				LD_RUNPATH_SEARCH_PATHS = "$(inherited) @executable_path/Frameworks";
				PRODUCT_NAME = "$(TARGET_NAME)";
			};
			name = Debug;
		};
		07421E8C1ADB139E00CE0EE9 /* Release */ = {
			isa = XCBuildConfiguration;
			buildSettings = {
				ASSETCATALOG_COMPILER_APPICON_NAME = AppIcon;
				INFOPLIST_FILE = Project5/Info.plist;
				LD_RUNPATH_SEARCH_PATHS = "$(inherited) @executable_path/Frameworks";
				PRODUCT_NAME = "$(TARGET_NAME)";
			};
			name = Release;
		};
		07421E8E1ADB139E00CE0EE9 /* Debug */ = {
			isa = XCBuildConfiguration;
			buildSettings = {
				BUNDLE_LOADER = "$(TEST_HOST)";
				FRAMEWORK_SEARCH_PATHS = (
					"$(SDKROOT)/Developer/Library/Frameworks",
					"$(inherited)",
				);
				GCC_PREPROCESSOR_DEFINITIONS = (
					"DEBUG=1",
					"$(inherited)",
				);
				INFOPLIST_FILE = Project5Tests/Info.plist;
				LD_RUNPATH_SEARCH_PATHS = "$(inherited) @executable_path/Frameworks @loader_path/Frameworks";
				PRODUCT_NAME = "$(TARGET_NAME)";
				TEST_HOST = "$(BUILT_PRODUCTS_DIR)/Project5.app/Project5";
			};
			name = Debug;
		};
		07421E8F1ADB139E00CE0EE9 /* Release */ = {
			isa = XCBuildConfiguration;
			buildSettings = {
				BUNDLE_LOADER = "$(TEST_HOST)";
				FRAMEWORK_SEARCH_PATHS = (
					"$(SDKROOT)/Developer/Library/Frameworks",
					"$(inherited)",
				);
				INFOPLIST_FILE = Project5Tests/Info.plist;
				LD_RUNPATH_SEARCH_PATHS = "$(inherited) @executable_path/Frameworks @loader_path/Frameworks";
				PRODUCT_NAME = "$(TARGET_NAME)";
				TEST_HOST = "$(BUILT_PRODUCTS_DIR)/Project5.app/Project5";
			};
			name = Release;
		};
/* End XCBuildConfiguration section */

/* Begin XCConfigurationList section */
		07421E641ADB139E00CE0EE9 /* Build configuration list for PBXProject "Project5" */ = {
			isa = XCConfigurationList;
			buildConfigurations = (
				07421E881ADB139E00CE0EE9 /* Debug */,
				07421E891ADB139E00CE0EE9 /* Release */,
			);
			defaultConfigurationIsVisible = 0;
			defaultConfigurationName = Release;
		};
		07421E8A1ADB139E00CE0EE9 /* Build configuration list for PBXNativeTarget "Project5" */ = {
			isa = XCConfigurationList;
			buildConfigurations = (
				07421E8B1ADB139E00CE0EE9 /* Debug */,
				07421E8C1ADB139E00CE0EE9 /* Release */,
			);
			defaultConfigurationIsVisible = 0;
		};
		07421E8D1ADB139E00CE0EE9 /* Build configuration list for PBXNativeTarget "Project5Tests" */ = {
			isa = XCConfigurationList;
			buildConfigurations = (
				07421E8E1ADB139E00CE0EE9 /* Debug */,
				07421E8F1ADB139E00CE0EE9 /* Release */,
			);
			defaultConfigurationIsVisible = 0;
		};
/* End XCConfigurationList section */
	};
	rootObject = 07421E611ADB139E00CE0EE9 /* Project object */;
}
