// !$*UTF8*$!
{
	archiveVersion = 1;
	classes = {
	};
	objectVersion = 46;
	objects = {

/* Begin PBXBuildFile section */
		07B443FB1AE0A2CB005A8153 /* AppDelegate.swift in Sources */ = {isa = PBXBuildFile; fileRef = 07B443FA1AE0A2CB005A8153 /* AppDelegate.swift */; };
		07B443FD1AE0A2CB005A8153 /* ViewController.swift in Sources */ = {isa = PBXBuildFile; fileRef = 07B443FC1AE0A2CB005A8153 /* ViewController.swift */; };
		07B444001AE0A2CB005A8153 /* Main.storyboard in Resources */ = {isa = PBXBuildFile; fileRef = 07B443FE1AE0A2CB005A8153 /* Main.storyboard */; };
		07B444021AE0A2CB005A8153 /* Images.xcassets in Resources */ = {isa = PBXBuildFile; fileRef = 07B444011AE0A2CB005A8153 /* Images.xcassets */; };
		07B444051AE0A2CB005A8153 /* LaunchScreen.xib in Resources */ = {isa = PBXBuildFile; fileRef = 07B444031AE0A2CB005A8153 /* LaunchScreen.xib */; };
		07B444111AE0A2CB005A8153 /* Project10Tests.swift in Sources */ = {isa = PBXBuildFile; fileRef = 07B444101AE0A2CB005A8153 /* Project10Tests.swift */; };
		07B4441B1AE0A52E005A8153 /* PersonCell.swift in Sources */ = {isa = PBXBuildFile; fileRef = 07B4441A1AE0A52E005A8153 /* PersonCell.swift */; };
		07B4441D1AE2A246005A8153 /* Person.swift in Sources */ = {isa = PBXBuildFile; fileRef = 07B4441C1AE2A246005A8153 /* Person.swift */; };
/* End PBXBuildFile section */

/* Begin PBXContainerItemProxy section */
		07B4440B1AE0A2CB005A8153 /* PBXContainerItemProxy */ = {
			isa = PBXContainerItemProxy;
			containerPortal = 07B443ED1AE0A2CB005A8153 /* Project object */;
			proxyType = 1;
			remoteGlobalIDString = 07B443F41AE0A2CB005A8153;
			remoteInfo = Project10;
		};
/* End PBXContainerItemProxy section */

/* Begin PBXFileReference section */
		07B443F51AE0A2CB005A8153 /* Project10.app */ = {isa = PBXFileReference; explicitFileType = wrapper.application; includeInIndex = 0; path = Project10.app; sourceTree = BUILT_PRODUCTS_DIR; };
		07B443F91AE0A2CB005A8153 /* Info.plist */ = {isa = PBXFileReference; lastKnownFileType = text.plist.xml; path = Info.plist; sourceTree = "<group>"; };
		07B443FA1AE0A2CB005A8153 /* AppDelegate.swift */ = {isa = PBXFileReference; lastKnownFileType = sourcecode.swift; path = AppDelegate.swift; sourceTree = "<group>"; };
		07B443FC1AE0A2CB005A8153 /* ViewController.swift */ = {isa = PBXFileReference; lastKnownFileType = sourcecode.swift; path = ViewController.swift; sourceTree = "<group>"; };
		07B443FF1AE0A2CB005A8153 /* Base */ = {isa = PBXFileReference; lastKnownFileType = file.storyboard; name = Base; path = Base.lproj/Main.storyboard; sourceTree = "<group>"; };
		07B444011AE0A2CB005A8153 /* Images.xcassets */ = {isa = PBXFileReference; lastKnownFileType = folder.assetcatalog; path = Images.xcassets; sourceTree = "<group>"; };
		07B444041AE0A2CB005A8153 /* Base */ = {isa = PBXFileReference; lastKnownFileType = file.xib; name = Base; path = Base.lproj/LaunchScreen.xib; sourceTree = "<group>"; };
		07B4440A1AE0A2CB005A8153 /* Project10Tests.xctest */ = {isa = PBXFileReference; explicitFileType = wrapper.cfbundle; includeInIndex = 0; path = Project10Tests.xctest; sourceTree = BUILT_PRODUCTS_DIR; };
		07B4440F1AE0A2CB005A8153 /* Info.plist */ = {isa = PBXFileReference; lastKnownFileType = text.plist.xml; path = Info.plist; sourceTree = "<group>"; };
		07B444101AE0A2CB005A8153 /* Project10Tests.swift */ = {isa = PBXFileReference; lastKnownFileType = sourcecode.swift; path = Project10Tests.swift; sourceTree = "<group>"; };
		07B4441A1AE0A52E005A8153 /* PersonCell.swift */ = {isa = PBXFileReference; fileEncoding = 4; lastKnownFileType = sourcecode.swift; path = PersonCell.swift; sourceTree = "<group>"; };
		07B4441C1AE2A246005A8153 /* Person.swift */ = {isa = PBXFileReference; fileEncoding = 4; lastKnownFileType = sourcecode.swift; path = Person.swift; sourceTree = "<group>"; };
/* End PBXFileReference section */

/* Begin PBXFrameworksBuildPhase section */
		07B443F21AE0A2CB005A8153 /* Frameworks */ = {
			isa = PBXFrameworksBuildPhase;
			buildActionMask = 2147483647;
			files = (
			);
			runOnlyForDeploymentPostprocessing = 0;
		};
		07B444071AE0A2CB005A8153 /* Frameworks */ = {
			isa = PBXFrameworksBuildPhase;
			buildActionMask = 2147483647;
			files = (
			);
			runOnlyForDeploymentPostprocessing = 0;
		};
/* End PBXFrameworksBuildPhase section */

/* Begin PBXGroup section */
		07B443EC1AE0A2CB005A8153 = {
			isa = PBXGroup;
			children = (
				07B443F71AE0A2CB005A8153 /* Project10 */,
				07B4440D1AE0A2CB005A8153 /* Project10Tests */,
				07B443F61AE0A2CB005A8153 /* Products */,
			);
			sourceTree = "<group>";
		};
		07B443F61AE0A2CB005A8153 /* Products */ = {
			isa = PBXGroup;
			children = (
				07B443F51AE0A2CB005A8153 /* Project10.app */,
				07B4440A1AE0A2CB005A8153 /* Project10Tests.xctest */,
			);
			name = Products;
			sourceTree = "<group>";
		};
		07B443F71AE0A2CB005A8153 /* Project10 */ = {
			isa = PBXGroup;
			children = (
				07B443FA1AE0A2CB005A8153 /* AppDelegate.swift */,
				07B443FC1AE0A2CB005A8153 /* ViewController.swift */,
				07B443FE1AE0A2CB005A8153 /* Main.storyboard */,
				07B444011AE0A2CB005A8153 /* Images.xcassets */,
				07B444031AE0A2CB005A8153 /* LaunchScreen.xib */,
				07B443F81AE0A2CB005A8153 /* Supporting Files */,
				07B4441A1AE0A52E005A8153 /* PersonCell.swift */,
				07B4441C1AE2A246005A8153 /* Person.swift */,
			);
			path = Project10;
			sourceTree = "<group>";
		};
		07B443F81AE0A2CB005A8153 /* Supporting Files */ = {
			isa = PBXGroup;
			children = (
				07B443F91AE0A2CB005A8153 /* Info.plist */,
			);
			name = "Supporting Files";
			sourceTree = "<group>";
		};
		07B4440D1AE0A2CB005A8153 /* Project10Tests */ = {
			isa = PBXGroup;
			children = (
				07B444101AE0A2CB005A8153 /* Project10Tests.swift */,
				07B4440E1AE0A2CB005A8153 /* Supporting Files */,
			);
			path = Project10Tests;
			sourceTree = "<group>";
		};
		07B4440E1AE0A2CB005A8153 /* Supporting Files */ = {
			isa = PBXGroup;
			children = (
				07B4440F1AE0A2CB005A8153 /* Info.plist */,
			);
			name = "Supporting Files";
			sourceTree = "<group>";
		};
/* End PBXGroup section */

/* Begin PBXNativeTarget section */
		07B443F41AE0A2CB005A8153 /* Project10 */ = {
			isa = PBXNativeTarget;
			buildConfigurationList = 07B444141AE0A2CB005A8153 /* Build configuration list for PBXNativeTarget "Project10" */;
			buildPhases = (
				07B443F11AE0A2CB005A8153 /* Sources */,
				07B443F21AE0A2CB005A8153 /* Frameworks */,
				07B443F31AE0A2CB005A8153 /* Resources */,
			);
			buildRules = (
			);
			dependencies = (
			);
			name = Project10;
			productName = Project10;
			productReference = 07B443F51AE0A2CB005A8153 /* Project10.app */;
			productType = "com.apple.product-type.application";
		};
		07B444091AE0A2CB005A8153 /* Project10Tests */ = {
			isa = PBXNativeTarget;
			buildConfigurationList = 07B444171AE0A2CB005A8153 /* Build configuration list for PBXNativeTarget "Project10Tests" */;
			buildPhases = (
				07B444061AE0A2CB005A8153 /* Sources */,
				07B444071AE0A2CB005A8153 /* Frameworks */,
				07B444081AE0A2CB005A8153 /* Resources */,
			);
			buildRules = (
			);
			dependencies = (
				07B4440C1AE0A2CB005A8153 /* PBXTargetDependency */,
			);
			name = Project10Tests;
			productName = Project10Tests;
			productReference = 07B4440A1AE0A2CB005A8153 /* Project10Tests.xctest */;
			productType = "com.apple.product-type.bundle.unit-test";
		};
/* End PBXNativeTarget section */

/* Begin PBXProject section */
		07B443ED1AE0A2CB005A8153 /* Project object */ = {
			isa = PBXProject;
			attributes = {
				LastUpgradeCheck = 0610;
				ORGANIZATIONNAME = "Vinny DeGenova";
				TargetAttributes = {
					07B443F41AE0A2CB005A8153 = {
						CreatedOnToolsVersion = 6.1;
					};
					07B444091AE0A2CB005A8153 = {
						CreatedOnToolsVersion = 6.1;
						TestTargetID = 07B443F41AE0A2CB005A8153;
					};
				};
			};
			buildConfigurationList = 07B443F01AE0A2CB005A8153 /* Build configuration list for PBXProject "Project10" */;
			compatibilityVersion = "Xcode 3.2";
			developmentRegion = English;
			hasScannedForEncodings = 0;
			knownRegions = (
				en,
				Base,
			);
			mainGroup = 07B443EC1AE0A2CB005A8153;
			productRefGroup = 07B443F61AE0A2CB005A8153 /* Products */;
			projectDirPath = "";
			projectRoot = "";
			targets = (
				07B443F41AE0A2CB005A8153 /* Project10 */,
				07B444091AE0A2CB005A8153 /* Project10Tests */,
			);
		};
/* End PBXProject section */

/* Begin PBXResourcesBuildPhase section */
		07B443F31AE0A2CB005A8153 /* Resources */ = {
			isa = PBXResourcesBuildPhase;
			buildActionMask = 2147483647;
			files = (
				07B444001AE0A2CB005A8153 /* Main.storyboard in Resources */,
				07B444051AE0A2CB005A8153 /* LaunchScreen.xib in Resources */,
				07B444021AE0A2CB005A8153 /* Images.xcassets in Resources */,
			);
			runOnlyForDeploymentPostprocessing = 0;
		};
		07B444081AE0A2CB005A8153 /* Resources */ = {
			isa = PBXResourcesBuildPhase;
			buildActionMask = 2147483647;
			files = (
			);
			runOnlyForDeploymentPostprocessing = 0;
		};
/* End PBXResourcesBuildPhase section */

/* Begin PBXSourcesBuildPhase section */
		07B443F11AE0A2CB005A8153 /* Sources */ = {
			isa = PBXSourcesBuildPhase;
			buildActionMask = 2147483647;
			files = (
				07B4441B1AE0A52E005A8153 /* PersonCell.swift in Sources */,
				07B443FD1AE0A2CB005A8153 /* ViewController.swift in Sources */,
				07B4441D1AE2A246005A8153 /* Person.swift in Sources */,
				07B443FB1AE0A2CB005A8153 /* AppDelegate.swift in Sources */,
			);
			runOnlyForDeploymentPostprocessing = 0;
		};
		07B444061AE0A2CB005A8153 /* Sources */ = {
			isa = PBXSourcesBuildPhase;
			buildActionMask = 2147483647;
			files = (
				07B444111AE0A2CB005A8153 /* Project10Tests.swift in Sources */,
			);
			runOnlyForDeploymentPostprocessing = 0;
		};
/* End PBXSourcesBuildPhase section */

/* Begin PBXTargetDependency section */
		07B4440C1AE0A2CB005A8153 /* PBXTargetDependency */ = {
			isa = PBXTargetDependency;
			target = 07B443F41AE0A2CB005A8153 /* Project10 */;
			targetProxy = 07B4440B1AE0A2CB005A8153 /* PBXContainerItemProxy */;
		};
/* End PBXTargetDependency section */

/* Begin PBXVariantGroup section */
		07B443FE1AE0A2CB005A8153 /* Main.storyboard */ = {
			isa = PBXVariantGroup;
			children = (
				07B443FF1AE0A2CB005A8153 /* Base */,
			);
			name = Main.storyboard;
			sourceTree = "<group>";
		};
		07B444031AE0A2CB005A8153 /* LaunchScreen.xib */ = {
			isa = PBXVariantGroup;
			children = (
				07B444041AE0A2CB005A8153 /* Base */,
			);
			name = LaunchScreen.xib;
			sourceTree = "<group>";
		};
/* End PBXVariantGroup section */

/* Begin XCBuildConfiguration section */
		07B444121AE0A2CB005A8153 /* Debug */ = {
			isa = XCBuildConfiguration;
			buildSettings = {
				ALWAYS_SEARCH_USER_PATHS = NO;
				CLANG_CXX_LANGUAGE_STANDARD = "gnu++0x";
				CLANG_CXX_LIBRARY = "libc++";
				CLANG_ENABLE_MODULES = YES;
				CLANG_ENABLE_OBJC_ARC = YES;
				CLANG_WARN_BOOL_CONVERSION = YES;
				CLANG_WARN_CONSTANT_CONVERSION = YES;
				CLANG_WARN_DIRECT_OBJC_ISA_USAGE = YES_ERROR;
				CLANG_WARN_EMPTY_BODY = YES;
				CLANG_WARN_ENUM_CONVERSION = YES;
				CLANG_WARN_INT_CONVERSION = YES;
				CLANG_WARN_OBJC_ROOT_CLASS = YES_ERROR;
				CLANG_WARN_UNREACHABLE_CODE = YES;
				CLANG_WARN__DUPLICATE_METHOD_MATCH = YES;
				"CODE_SIGN_IDENTITY[sdk=iphoneos*]" = "iPhone Developer";
				COPY_PHASE_STRIP = NO;
				ENABLE_STRICT_OBJC_MSGSEND = YES;
				GCC_C_LANGUAGE_STANDARD = gnu99;
				GCC_DYNAMIC_NO_PIC = NO;
				GCC_OPTIMIZATION_LEVEL = 0;
				GCC_PREPROCESSOR_DEFINITIONS = (
					"DEBUG=1",
					"$(inherited)",
				);
				GCC_SYMBOLS_PRIVATE_EXTERN = NO;
				GCC_WARN_64_TO_32_BIT_CONVERSION = YES;
				GCC_WARN_ABOUT_RETURN_TYPE = YES_ERROR;
				GCC_WARN_UNDECLARED_SELECTOR = YES;
				GCC_WARN_UNINITIALIZED_AUTOS = YES_AGGRESSIVE;
				GCC_WARN_UNUSED_FUNCTION = YES;
				GCC_WARN_UNUSED_VARIABLE = YES;
				IPHONEOS_DEPLOYMENT_TARGET = 8.1;
				MTL_ENABLE_DEBUG_INFO = YES;
				ONLY_ACTIVE_ARCH = YES;
				SDKROOT = iphoneos;
				SWIFT_OPTIMIZATION_LEVEL = "-Onone";
			};
			name = Debug;
		};
		07B444131AE0A2CB005A8153 /* Release */ = {
			isa = XCBuildConfiguration;
			buildSettings = {
				ALWAYS_SEARCH_USER_PATHS = NO;
				CLANG_CXX_LANGUAGE_STANDARD = "gnu++0x";
				CLANG_CXX_LIBRARY = "libc++";
				CLANG_ENABLE_MODULES = YES;
				CLANG_ENABLE_OBJC_ARC = YES;
				CLANG_WARN_BOOL_CONVERSION = YES;
				CLANG_WARN_CONSTANT_CONVERSION = YES;
				CLANG_WARN_DIRECT_OBJC_ISA_USAGE = YES_ERROR;
				CLANG_WARN_EMPTY_BODY = YES;
				CLANG_WARN_ENUM_CONVERSION = YES;
				CLANG_WARN_INT_CONVERSION = YES;
				CLANG_WARN_OBJC_ROOT_CLASS = YES_ERROR;
				CLANG_WARN_UNREACHABLE_CODE = YES;
				CLANG_WARN__DUPLICATE_METHOD_MATCH = YES;
				"CODE_SIGN_IDENTITY[sdk=iphoneos*]" = "iPhone Developer";
				COPY_PHASE_STRIP = YES;
				ENABLE_NS_ASSERTIONS = NO;
				ENABLE_STRICT_OBJC_MSGSEND = YES;
				GCC_C_LANGUAGE_STANDARD = gnu99;
				GCC_WARN_64_TO_32_BIT_CONVERSION = YES;
				GCC_WARN_ABOUT_RETURN_TYPE = YES_ERROR;
				GCC_WARN_UNDECLARED_SELECTOR = YES;
				GCC_WARN_UNINITIALIZED_AUTOS = YES_AGGRESSIVE;
				GCC_WARN_UNUSED_FUNCTION = YES;
				GCC_WARN_UNUSED_VARIABLE = YES;
				IPHONEOS_DEPLOYMENT_TARGET = 8.1;
				MTL_ENABLE_DEBUG_INFO = NO;
				SDKROOT = iphoneos;
				VALIDATE_PRODUCT = YES;
			};
			name = Release;
		};
		07B444151AE0A2CB005A8153 /* Debug */ = {
			isa = XCBuildConfiguration;
			buildSettings = {
				ASSETCATALOG_COMPILER_APPICON_NAME = AppIcon;
				INFOPLIST_FILE = Project10/Info.plist;
				LD_RUNPATH_SEARCH_PATHS = "$(inherited) @executable_path/Frameworks";
				PRODUCT_NAME = "$(TARGET_NAME)";
			};
			name = Debug;
		};
		07B444161AE0A2CB005A8153 /* Release */ = {
			isa = XCBuildConfiguration;
			buildSettings = {
				ASSETCATALOG_COMPILER_APPICON_NAME = AppIcon;
				INFOPLIST_FILE = Project10/Info.plist;
				LD_RUNPATH_SEARCH_PATHS = "$(inherited) @executable_path/Frameworks";
				PRODUCT_NAME = "$(TARGET_NAME)";
			};
			name = Release;
		};
		07B444181AE0A2CB005A8153 /* Debug */ = {
			isa = XCBuildConfiguration;
			buildSettings = {
				BUNDLE_LOADER = "$(TEST_HOST)";
				FRAMEWORK_SEARCH_PATHS = (
					"$(SDKROOT)/Developer/Library/Frameworks",
					"$(inherited)",
				);
				GCC_PREPROCESSOR_DEFINITIONS = (
					"DEBUG=1",
					"$(inherited)",
				);
				INFOPLIST_FILE = Project10Tests/Info.plist;
				LD_RUNPATH_SEARCH_PATHS = "$(inherited) @executable_path/Frameworks @loader_path/Frameworks";
				PRODUCT_NAME = "$(TARGET_NAME)";
				TEST_HOST = "$(BUILT_PRODUCTS_DIR)/Project10.app/Project10";
			};
			name = Debug;
		};
		07B444191AE0A2CB005A8153 /* Release */ = {
			isa = XCBuildConfiguration;
			buildSettings = {
				BUNDLE_LOADER = "$(TEST_HOST)";
				FRAMEWORK_SEARCH_PATHS = (
					"$(SDKROOT)/Developer/Library/Frameworks",
					"$(inherited)",
				);
				INFOPLIST_FILE = Project10Tests/Info.plist;
				LD_RUNPATH_SEARCH_PATHS = "$(inherited) @executable_path/Frameworks @loader_path/Frameworks";
				PRODUCT_NAME = "$(TARGET_NAME)";
				TEST_HOST = "$(BUILT_PRODUCTS_DIR)/Project10.app/Project10";
			};
			name = Release;
		};
/* End XCBuildConfiguration section */

/* Begin XCConfigurationList section */
		07B443F01AE0A2CB005A8153 /* Build configuration list for PBXProject "Project10" */ = {
			isa = XCConfigurationList;
			buildConfigurations = (
				07B444121AE0A2CB005A8153 /* Debug */,
				07B444131AE0A2CB005A8153 /* Release */,
			);
			defaultConfigurationIsVisible = 0;
			defaultConfigurationName = Release;
		};
		07B444141AE0A2CB005A8153 /* Build configuration list for PBXNativeTarget "Project10" */ = {
			isa = XCConfigurationList;
			buildConfigurations = (
				07B444151AE0A2CB005A8153 /* Debug */,
				07B444161AE0A2CB005A8153 /* Release */,
			);
			defaultConfigurationIsVisible = 0;
		};
		07B444171AE0A2CB005A8153 /* Build configuration list for PBXNativeTarget "Project10Tests" */ = {
			isa = XCConfigurationList;
			buildConfigurations = (
				07B444181AE0A2CB005A8153 /* Debug */,
				07B444191AE0A2CB005A8153 /* Release */,
			);
			defaultConfigurationIsVisible = 0;
		};
/* End XCConfigurationList section */
	};
	rootObject = 07B443ED1AE0A2CB005A8153 /* Project object */;
}
